lockfileVersion: '6.0'

settings:
  autoInstallPeers: true
  excludeLinksFromLockfile: false

dependencies:
  cesium:
    specifier: ^1.132.0
    version: 1.132.0
  gsap:
    specifier: ^3.13.0
    version: 3.13.0
  sass-embedded:
    specifier: ^1.90.0
    version: 1.90.0
  vue:
    specifier: ^3.5.18
    version: 3.5.18

devDependencies:
  '@vitejs/plugin-vue':
    specifier: ^6.0.1
    version: 6.0.1(vite@7.1.3)(vue@3.5.18)
  vite:
    specifier: ^7.1.2
    version: 7.1.3(sass-embedded@1.90.0)

packages:

  /@babel/helper-string-parser@7.27.1:
    resolution: {integrity: sha512-qMlSxKbpRlAridDExk92nSobyDdpPijUq2DW6oDnUqd0iOGxmQjyqhMIihI9+zv4LPyZdRje2cavWPbCbWm3eA==}
    engines: {node: '>=6.9.0'}

  /@babel/helper-validator-identifier@7.27.1:
    resolution: {integrity: sha512-D2hP9eA+Sqx1kBZgzxZh0y1trbuU+JoDkiEwqhQ36nodYqJwyEIhPSdMNd7lOm/4io72luTPWH20Yda0xOuUow==}
    engines: {node: '>=6.9.0'}

  /@babel/parser@7.28.3:
    resolution: {integrity: sha512-7+Ey1mAgYqFAx2h0RuoxcQT5+MlG3GTV0TQrgr7/ZliKsm/MNDxVVutlWaziMq7wJNAz8MTqz55XLpWvva6StA==}
    engines: {node: '>=6.0.0'}
    hasBin: true
    dependencies:
      '@babel/types': 7.28.2

  /@babel/types@7.28.2:
    resolution: {integrity: sha512-ruv7Ae4J5dUYULmeXw1gmb7rYRz57OWCPM57pHojnLq/3Z1CK2lNSLTCVjxVk1F/TZHwOZZrOWi0ur95BbLxNQ==}
    engines: {node: '>=6.9.0'}
    dependencies:
      '@babel/helper-string-parser': 7.27.1
      '@babel/helper-validator-identifier': 7.27.1

  /@bufbuild/protobuf@2.6.3:
    resolution: {integrity: sha512-w/gJKME9mYN7ZoUAmSMAWXk4hkVpxRKvEJCb3dV5g9wwWdxTJJ0ayOJAVcNxtdqaxDyFuC0uz4RSGVacJ030PQ==}

  /@cesium/engine@19.0.0:
    resolution: {integrity: sha512-ymBxCUEV2HfQLmAp3qou0AlKkChIaMNkKQa/bCLLScfoCj0EBVtQH6Zgk8hP8MWreuR+vzmGOjdPsWLMkKgnrQ==}
    engines: {node: '>=20.19.0'}
    dependencies:
      '@cesium/wasm-splats': 0.1.0-alpha.2
      '@spz-loader/core': 0.3.0
      '@tweenjs/tween.js': 25.0.0
      '@zip.js/zip.js': 2.7.72
      autolinker: 4.1.5
      bitmap-sdf: 1.0.4
      dompurify: 3.2.6
      draco3d: 1.5.7
      earcut: 3.0.2
      grapheme-splitter: 1.0.4
      jsep: 1.4.0
      kdbush: 4.0.2
      ktx-parse: 1.1.0
      lerc: 2.0.0
      mersenne-twister: 1.1.0
      meshoptimizer: 0.24.0
      pako: 2.1.0
      protobufjs: 7.5.4
      rbush: 4.0.1
      topojson-client: 3.1.0
      urijs: 1.19.11
    dev: false

  /@cesium/wasm-splats@0.1.0-alpha.2:
    resolution: {integrity: sha512-t9pMkknv31hhIbLpMa8yPvmqfpvs5UkUjgqlQv9SeO8VerCXOYnyP8/486BDaFrztM0A7FMbRjsXtNeKvqQghA==}
    dev: false

  /@cesium/widgets@13.0.0:
    resolution: {integrity: sha512-Gc/ffnu4anzn6wDjLviYYOydb0OrGWY6ie5pKV+cNWbL48tfLRUZL6D3MJVS+qhSB3NhyA050v82NvPzYbqnuQ==}
    engines: {node: '>=20.19.0'}
    dependencies:
      '@cesium/engine': 19.0.0
      nosleep.js: 0.12.0
    dev: false

  /@esbuild/aix-ppc64@0.25.9:
    resolution: {integrity: sha512-OaGtL73Jck6pBKjNIe24BnFE6agGl+6KxDtTfHhy1HmhthfKouEcOhqpSL64K4/0WCtbKFLOdzD/44cJ4k9opA==}
    engines: {node: '>=18'}
    cpu: [ppc64]
    os: [aix]
    requiresBuild: true
    dev: true
    optional: true

  /@esbuild/android-arm64@0.25.9:
    resolution: {integrity: sha512-IDrddSmpSv51ftWslJMvl3Q2ZT98fUSL2/rlUXuVqRXHCs5EUF1/f+jbjF5+NG9UffUDMCiTyh8iec7u8RlTLg==}
    engines: {node: '>=18'}
    cpu: [arm64]
    os: [android]
    requiresBuild: true
    dev: true
    optional: true

  /@esbuild/android-arm@0.25.9:
    resolution: {integrity: sha512-5WNI1DaMtxQ7t7B6xa572XMXpHAaI/9Hnhk8lcxF4zVN4xstUgTlvuGDorBguKEnZO70qwEcLpfifMLoxiPqHQ==}
    engines: {node: '>=18'}
    cpu: [arm]
    os: [android]
    requiresBuild: true
    dev: true
    optional: true

  /@esbuild/android-x64@0.25.9:
    resolution: {integrity: sha512-I853iMZ1hWZdNllhVZKm34f4wErd4lMyeV7BLzEExGEIZYsOzqDWDf+y082izYUE8gtJnYHdeDpN/6tUdwvfiw==}
    engines: {node: '>=18'}
    cpu: [x64]
    os: [android]
    requiresBuild: true
    dev: true
    optional: true

  /@esbuild/darwin-arm64@0.25.9:
    resolution: {integrity: sha512-XIpIDMAjOELi/9PB30vEbVMs3GV1v2zkkPnuyRRURbhqjyzIINwj+nbQATh4H9GxUgH1kFsEyQMxwiLFKUS6Rg==}
    engines: {node: '>=18'}
    cpu: [arm64]
    os: [darwin]
    requiresBuild: true
    dev: true
    optional: true

  /@esbuild/darwin-x64@0.25.9:
    resolution: {integrity: sha512-jhHfBzjYTA1IQu8VyrjCX4ApJDnH+ez+IYVEoJHeqJm9VhG9Dh2BYaJritkYK3vMaXrf7Ogr/0MQ8/MeIefsPQ==}
    engines: {node: '>=18'}
    cpu: [x64]
    os: [darwin]
    requiresBuild: true
    dev: true
    optional: true

  /@esbuild/freebsd-arm64@0.25.9:
    resolution: {integrity: sha512-z93DmbnY6fX9+KdD4Ue/H6sYs+bhFQJNCPZsi4XWJoYblUqT06MQUdBCpcSfuiN72AbqeBFu5LVQTjfXDE2A6Q==}
    engines: {node: '>=18'}
    cpu: [arm64]
    os: [freebsd]
    requiresBuild: true
    dev: true
    optional: true

  /@esbuild/freebsd-x64@0.25.9:
    resolution: {integrity: sha512-mrKX6H/vOyo5v71YfXWJxLVxgy1kyt1MQaD8wZJgJfG4gq4DpQGpgTB74e5yBeQdyMTbgxp0YtNj7NuHN0PoZg==}
    engines: {node: '>=18'}
    cpu: [x64]
    os: [freebsd]
    requiresBuild: true
    dev: true
    optional: true

  /@esbuild/linux-arm64@0.25.9:
    resolution: {integrity: sha512-BlB7bIcLT3G26urh5Dmse7fiLmLXnRlopw4s8DalgZ8ef79Jj4aUcYbk90g8iCa2467HX8SAIidbL7gsqXHdRw==}
    engines: {node: '>=18'}
    cpu: [arm64]
    os: [linux]
    requiresBuild: true
    dev: true
    optional: true

  /@esbuild/linux-arm@0.25.9:
    resolution: {integrity: sha512-HBU2Xv78SMgaydBmdor38lg8YDnFKSARg1Q6AT0/y2ezUAKiZvc211RDFHlEZRFNRVhcMamiToo7bDx3VEOYQw==}
    engines: {node: '>=18'}
    cpu: [arm]
    os: [linux]
    requiresBuild: true
    dev: true
    optional: true

  /@esbuild/linux-ia32@0.25.9:
    resolution: {integrity: sha512-e7S3MOJPZGp2QW6AK6+Ly81rC7oOSerQ+P8L0ta4FhVi+/j/v2yZzx5CqqDaWjtPFfYz21Vi1S0auHrap3Ma3A==}
    engines: {node: '>=18'}
    cpu: [ia32]
    os: [linux]
    requiresBuild: true
    dev: true
    optional: true

  /@esbuild/linux-loong64@0.25.9:
    resolution: {integrity: sha512-Sbe10Bnn0oUAB2AalYztvGcK+o6YFFA/9829PhOCUS9vkJElXGdphz0A3DbMdP8gmKkqPmPcMJmJOrI3VYB1JQ==}
    engines: {node: '>=18'}
    cpu: [loong64]
    os: [linux]
    requiresBuild: true
    dev: true
    optional: true

  /@esbuild/linux-mips64el@0.25.9:
    resolution: {integrity: sha512-YcM5br0mVyZw2jcQeLIkhWtKPeVfAerES5PvOzaDxVtIyZ2NUBZKNLjC5z3/fUlDgT6w89VsxP2qzNipOaaDyA==}
    engines: {node: '>=18'}
    cpu: [mips64el]
    os: [linux]
    requiresBuild: true
    dev: true
    optional: true

  /@esbuild/linux-ppc64@0.25.9:
    resolution: {integrity: sha512-++0HQvasdo20JytyDpFvQtNrEsAgNG2CY1CLMwGXfFTKGBGQT3bOeLSYE2l1fYdvML5KUuwn9Z8L1EWe2tzs1w==}
    engines: {node: '>=18'}
    cpu: [ppc64]
    os: [linux]
    requiresBuild: true
    dev: true
    optional: true

  /@esbuild/linux-riscv64@0.25.9:
    resolution: {integrity: sha512-uNIBa279Y3fkjV+2cUjx36xkx7eSjb8IvnL01eXUKXez/CBHNRw5ekCGMPM0BcmqBxBcdgUWuUXmVWwm4CH9kg==}
    engines: {node: '>=18'}
    cpu: [riscv64]
    os: [linux]
    requiresBuild: true
    dev: true
    optional: true

  /@esbuild/linux-s390x@0.25.9:
    resolution: {integrity: sha512-Mfiphvp3MjC/lctb+7D287Xw1DGzqJPb/J2aHHcHxflUo+8tmN/6d4k6I2yFR7BVo5/g7x2Monq4+Yew0EHRIA==}
    engines: {node: '>=18'}
    cpu: [s390x]
    os: [linux]
    requiresBuild: true
    dev: true
    optional: true

  /@esbuild/linux-x64@0.25.9:
    resolution: {integrity: sha512-iSwByxzRe48YVkmpbgoxVzn76BXjlYFXC7NvLYq+b+kDjyyk30J0JY47DIn8z1MO3K0oSl9fZoRmZPQI4Hklzg==}
    engines: {node: '>=18'}
    cpu: [x64]
    os: [linux]
    requiresBuild: true
    dev: true
    optional: true

  /@esbuild/netbsd-arm64@0.25.9:
    resolution: {integrity: sha512-9jNJl6FqaUG+COdQMjSCGW4QiMHH88xWbvZ+kRVblZsWrkXlABuGdFJ1E9L7HK+T0Yqd4akKNa/lO0+jDxQD4Q==}
    engines: {node: '>=18'}
    cpu: [arm64]
    os: [netbsd]
    requiresBuild: true
    dev: true
    optional: true

  /@esbuild/netbsd-x64@0.25.9:
    resolution: {integrity: sha512-RLLdkflmqRG8KanPGOU7Rpg829ZHu8nFy5Pqdi9U01VYtG9Y0zOG6Vr2z4/S+/3zIyOxiK6cCeYNWOFR9QP87g==}
    engines: {node: '>=18'}
    cpu: [x64]
    os: [netbsd]
    requiresBuild: true
    dev: true
    optional: true

  /@esbuild/openbsd-arm64@0.25.9:
    resolution: {integrity: sha512-YaFBlPGeDasft5IIM+CQAhJAqS3St3nJzDEgsgFixcfZeyGPCd6eJBWzke5piZuZ7CtL656eOSYKk4Ls2C0FRQ==}
    engines: {node: '>=18'}
    cpu: [arm64]
    os: [openbsd]
    requiresBuild: true
    dev: true
    optional: true

  /@esbuild/openbsd-x64@0.25.9:
    resolution: {integrity: sha512-1MkgTCuvMGWuqVtAvkpkXFmtL8XhWy+j4jaSO2wxfJtilVCi0ZE37b8uOdMItIHz4I6z1bWWtEX4CJwcKYLcuA==}
    engines: {node: '>=18'}
    cpu: [x64]
    os: [openbsd]
    requiresBuild: true
    dev: true
    optional: true

  /@esbuild/openharmony-arm64@0.25.9:
    resolution: {integrity: sha512-4Xd0xNiMVXKh6Fa7HEJQbrpP3m3DDn43jKxMjxLLRjWnRsfxjORYJlXPO4JNcXtOyfajXorRKY9NkOpTHptErg==}
    engines: {node: '>=18'}
    cpu: [arm64]
    os: [openharmony]
    requiresBuild: true
    dev: true
    optional: true

  /@esbuild/sunos-x64@0.25.9:
    resolution: {integrity: sha512-WjH4s6hzo00nNezhp3wFIAfmGZ8U7KtrJNlFMRKxiI9mxEK1scOMAaa9i4crUtu+tBr+0IN6JCuAcSBJZfnphw==}
    engines: {node: '>=18'}
    cpu: [x64]
    os: [sunos]
    requiresBuild: true
    dev: true
    optional: true

  /@esbuild/win32-arm64@0.25.9:
    resolution: {integrity: sha512-mGFrVJHmZiRqmP8xFOc6b84/7xa5y5YvR1x8djzXpJBSv/UsNK6aqec+6JDjConTgvvQefdGhFDAs2DLAds6gQ==}
    engines: {node: '>=18'}
    cpu: [arm64]
    os: [win32]
    requiresBuild: true
    dev: true
    optional: true

  /@esbuild/win32-ia32@0.25.9:
    resolution: {integrity: sha512-b33gLVU2k11nVx1OhX3C8QQP6UHQK4ZtN56oFWvVXvz2VkDoe6fbG8TOgHFxEvqeqohmRnIHe5A1+HADk4OQww==}
    engines: {node: '>=18'}
    cpu: [ia32]
    os: [win32]
    requiresBuild: true
    dev: true
    optional: true

  /@esbuild/win32-x64@0.25.9:
    resolution: {integrity: sha512-PPOl1mi6lpLNQxnGoyAfschAodRFYXJ+9fs6WHXz7CSWKbOqiMZsubC+BQsVKuul+3vKLuwTHsS2c2y9EoKwxQ==}
    engines: {node: '>=18'}
    cpu: [x64]
    os: [win32]
    requiresBuild: true
    dev: true
    optional: true

  /@jridgewell/sourcemap-codec@1.5.5:
    resolution: {integrity: sha512-cYQ9310grqxueWbl+WuIUIaiUaDcj7WOq5fVhEljNVgRfOUhY9fy2zTvfoqWsnebh8Sl70VScFbICvJnLKB0Og==}

  /@parcel/watcher-android-arm64@2.5.1:
    resolution: {integrity: sha512-KF8+j9nNbUN8vzOFDpRMsaKBHZ/mcjEjMToVMJOhTozkDonQFFrRcfdLWn6yWKCmJKmdVxSgHiYvTCef4/qcBA==}
    engines: {node: '>= 10.0.0'}
    cpu: [arm64]
    os: [android]
    requiresBuild: true
    optional: true

  /@parcel/watcher-darwin-arm64@2.5.1:
    resolution: {integrity: sha512-eAzPv5osDmZyBhou8PoF4i6RQXAfeKL9tjb3QzYuccXFMQU0ruIc/POh30ePnaOyD1UXdlKguHBmsTs53tVoPw==}
    engines: {node: '>= 10.0.0'}
    cpu: [arm64]
    os: [darwin]
    requiresBuild: true
    optional: true

  /@parcel/watcher-darwin-x64@2.5.1:
    resolution: {integrity: sha512-1ZXDthrnNmwv10A0/3AJNZ9JGlzrF82i3gNQcWOzd7nJ8aj+ILyW1MTxVk35Db0u91oD5Nlk9MBiujMlwmeXZg==}
    engines: {node: '>= 10.0.0'}
    cpu: [x64]
    os: [darwin]
    requiresBuild: true
    optional: true

  /@parcel/watcher-freebsd-x64@2.5.1:
    resolution: {integrity: sha512-SI4eljM7Flp9yPuKi8W0ird8TI/JK6CSxju3NojVI6BjHsTyK7zxA9urjVjEKJ5MBYC+bLmMcbAWlZ+rFkLpJQ==}
    engines: {node: '>= 10.0.0'}
    cpu: [x64]
    os: [freebsd]
    requiresBuild: true
    optional: true

  /@parcel/watcher-linux-arm-glibc@2.5.1:
    resolution: {integrity: sha512-RCdZlEyTs8geyBkkcnPWvtXLY44BCeZKmGYRtSgtwwnHR4dxfHRG3gR99XdMEdQ7KeiDdasJwwvNSF5jKtDwdA==}
    engines: {node: '>= 10.0.0'}
    cpu: [arm]
    os: [linux]
    libc: [glibc]
    requiresBuild: true
    optional: true

  /@parcel/watcher-linux-arm-musl@2.5.1:
    resolution: {integrity: sha512-6E+m/Mm1t1yhB8X412stiKFG3XykmgdIOqhjWj+VL8oHkKABfu/gjFj8DvLrYVHSBNC+/u5PeNrujiSQ1zwd1Q==}
    engines: {node: '>= 10.0.0'}
    cpu: [arm]
    os: [linux]
    libc: [musl]
    requiresBuild: true
    optional: true

  /@parcel/watcher-linux-arm64-glibc@2.5.1:
    resolution: {integrity: sha512-LrGp+f02yU3BN9A+DGuY3v3bmnFUggAITBGriZHUREfNEzZh/GO06FF5u2kx8x+GBEUYfyTGamol4j3m9ANe8w==}
    engines: {node: '>= 10.0.0'}
    cpu: [arm64]
    os: [linux]
    libc: [glibc]
    requiresBuild: true
    optional: true

  /@parcel/watcher-linux-arm64-musl@2.5.1:
    resolution: {integrity: sha512-cFOjABi92pMYRXS7AcQv9/M1YuKRw8SZniCDw0ssQb/noPkRzA+HBDkwmyOJYp5wXcsTrhxO0zq1U11cK9jsFg==}
    engines: {node: '>= 10.0.0'}
    cpu: [arm64]
    os: [linux]
    libc: [musl]
    requiresBuild: true
    optional: true

  /@parcel/watcher-linux-x64-glibc@2.5.1:
    resolution: {integrity: sha512-GcESn8NZySmfwlTsIur+49yDqSny2IhPeZfXunQi48DMugKeZ7uy1FX83pO0X22sHntJ4Ub+9k34XQCX+oHt2A==}
    engines: {node: '>= 10.0.0'}
    cpu: [x64]
    os: [linux]
    libc: [glibc]
    requiresBuild: true
    optional: true

  /@parcel/watcher-linux-x64-musl@2.5.1:
    resolution: {integrity: sha512-n0E2EQbatQ3bXhcH2D1XIAANAcTZkQICBPVaxMeaCVBtOpBZpWJuf7LwyWPSBDITb7In8mqQgJ7gH8CILCURXg==}
    engines: {node: '>= 10.0.0'}
    cpu: [x64]
    os: [linux]
    libc: [musl]
    requiresBuild: true
    optional: true

  /@parcel/watcher-win32-arm64@2.5.1:
    resolution: {integrity: sha512-RFzklRvmc3PkjKjry3hLF9wD7ppR4AKcWNzH7kXR7GUe0Igb3Nz8fyPwtZCSquGrhU5HhUNDr/mKBqj7tqA2Vw==}
    engines: {node: '>= 10.0.0'}
    cpu: [arm64]
    os: [win32]
    requiresBuild: true
    optional: true

  /@parcel/watcher-win32-ia32@2.5.1:
    resolution: {integrity: sha512-c2KkcVN+NJmuA7CGlaGD1qJh1cLfDnQsHjE89E60vUEMlqduHGCdCLJCID5geFVM0dOtA3ZiIO8BoEQmzQVfpQ==}
    engines: {node: '>= 10.0.0'}
    cpu: [ia32]
    os: [win32]
    requiresBuild: true
    optional: true

  /@parcel/watcher-win32-x64@2.5.1:
    resolution: {integrity: sha512-9lHBdJITeNR++EvSQVUcaZoWupyHfXe1jZvGZ06O/5MflPcuPLtEphScIBL+AiCWBO46tDSHzWyD0uDmmZqsgA==}
    engines: {node: '>= 10.0.0'}
    cpu: [x64]
    os: [win32]
    requiresBuild: true
    optional: true

  /@parcel/watcher@2.5.1:
    resolution: {integrity: sha512-dfUnCxiN9H4ap84DvD2ubjw+3vUNpstxa0TneY/Paat8a3R4uQZDLSvWjmznAY/DoahqTHl9V46HF/Zs3F29pg==}
    engines: {node: '>= 10.0.0'}
    requiresBuild: true
    dependencies:
      detect-libc: 1.0.3
      is-glob: 4.0.3
      micromatch: 4.0.8
      node-addon-api: 7.1.1
    optionalDependencies:
      '@parcel/watcher-android-arm64': 2.5.1
      '@parcel/watcher-darwin-arm64': 2.5.1
      '@parcel/watcher-darwin-x64': 2.5.1
      '@parcel/watcher-freebsd-x64': 2.5.1
      '@parcel/watcher-linux-arm-glibc': 2.5.1
      '@parcel/watcher-linux-arm-musl': 2.5.1
      '@parcel/watcher-linux-arm64-glibc': 2.5.1
      '@parcel/watcher-linux-arm64-musl': 2.5.1
      '@parcel/watcher-linux-x64-glibc': 2.5.1
      '@parcel/watcher-linux-x64-musl': 2.5.1
      '@parcel/watcher-win32-arm64': 2.5.1
      '@parcel/watcher-win32-ia32': 2.5.1
      '@parcel/watcher-win32-x64': 2.5.1
    optional: true

  /@protobufjs/aspromise@1.1.2:
    resolution: {integrity: sha512-j+gKExEuLmKwvz3OgROXtrJ2UG2x8Ch2YZUxahh+s1F2HZ+wAceUNLkvy6zKCPVRkU++ZWQrdxsUeQXmcg4uoQ==}
    dev: false

  /@protobufjs/base64@1.1.2:
    resolution: {integrity: sha512-AZkcAA5vnN/v4PDqKyMR5lx7hZttPDgClv83E//FMNhR2TMcLUhfRUBHCmSl0oi9zMgDDqRUJkSxO3wm85+XLg==}
    dev: false

  /@protobufjs/codegen@2.0.4:
    resolution: {integrity: sha512-YyFaikqM5sH0ziFZCN3xDC7zeGaB/d0IUb9CATugHWbd1FRFwWwt4ld4OYMPWu5a3Xe01mGAULCdqhMlPl29Jg==}
    dev: false

  /@protobufjs/eventemitter@1.1.0:
    resolution: {integrity: sha512-j9ednRT81vYJ9OfVuXG6ERSTdEL1xVsNgqpkxMsbIabzSo3goCjDIveeGv5d03om39ML71RdmrGNjG5SReBP/Q==}
    dev: false

  /@protobufjs/fetch@1.1.0:
    resolution: {integrity: sha512-lljVXpqXebpsijW71PZaCYeIcE5on1w5DlQy5WH6GLbFryLUrBD4932W/E2BSpfRJWseIL4v/KPgBFxDOIdKpQ==}
    dependencies:
      '@protobufjs/aspromise': 1.1.2
      '@protobufjs/inquire': 1.1.0
    dev: false

  /@protobufjs/float@1.0.2:
    resolution: {integrity: sha512-Ddb+kVXlXst9d+R9PfTIxh1EdNkgoRe5tOX6t01f1lYWOvJnSPDBlG241QLzcyPdoNTsblLUdujGSE4RzrTZGQ==}
    dev: false

  /@protobufjs/inquire@1.1.0:
    resolution: {integrity: sha512-kdSefcPdruJiFMVSbn801t4vFK7KB/5gd2fYvrxhuJYg8ILrmn9SKSX2tZdV6V+ksulWqS7aXjBcRXl3wHoD9Q==}
    dev: false

  /@protobufjs/path@1.1.2:
    resolution: {integrity: sha512-6JOcJ5Tm08dOHAbdR3GrvP+yUUfkjG5ePsHYczMFLq3ZmMkAD98cDgcT2iA1lJ9NVwFd4tH/iSSoe44YWkltEA==}
    dev: false

  /@protobufjs/pool@1.1.0:
    resolution: {integrity: sha512-0kELaGSIDBKvcgS4zkjz1PeddatrjYcmMWOlAuAPwAeccUrPHdUqo/J6LiymHHEiJT5NrF1UVwxY14f+fy4WQw==}
    dev: false

  /@protobufjs/utf8@1.1.0:
    resolution: {integrity: sha512-Vvn3zZrhQZkkBE8LSuW3em98c0FwgO4nxzv6OdSxPKJIEKY2bGbHn+mhGIPerzI4twdxaP8/0+06HBpwf345Lw==}
    dev: false

  /@rolldown/pluginutils@1.0.0-beta.29:
    resolution: {integrity: sha512-NIJgOsMjbxAXvoGq/X0gD7VPMQ8j9g0BiDaNjVNVjvl+iKXxL3Jre0v31RmBYeLEmkbj2s02v8vFTbUXi5XS2Q==}
    dev: true

  /@rollup/rollup-android-arm-eabi@4.46.3:
    resolution: {integrity: sha512-UmTdvXnLlqQNOCJnyksjPs1G4GqXNGW1LrzCe8+8QoaLhhDeTXYBgJ3k6x61WIhlHX2U+VzEJ55TtIjR/HTySA==}
    cpu: [arm]
    os: [android]
    requiresBuild: true
    dev: true
    optional: true

  /@rollup/rollup-android-arm64@4.46.3:
    resolution: {integrity: sha512-8NoxqLpXm7VyeI0ocidh335D6OKT0UJ6fHdnIxf3+6oOerZZc+O7r+UhvROji6OspyPm+rrIdb1gTXtVIqn+Sg==}
    cpu: [arm64]
    os: [android]
    requiresBuild: true
    dev: true
    optional: true

  /@rollup/rollup-darwin-arm64@4.46.3:
    resolution: {integrity: sha512-csnNavqZVs1+7/hUKtgjMECsNG2cdB8F7XBHP6FfQjqhjF8rzMzb3SLyy/1BG7YSfQ+bG75Ph7DyedbUqwq1rA==}
    cpu: [arm64]
    os: [darwin]
    requiresBuild: true
    dev: true
    optional: true

  /@rollup/rollup-darwin-x64@4.46.3:
    resolution: {integrity: sha512-r2MXNjbuYabSIX5yQqnT8SGSQ26XQc8fmp6UhlYJd95PZJkQD1u82fWP7HqvGUf33IsOC6qsiV+vcuD4SDP6iw==}
    cpu: [x64]
    os: [darwin]
    requiresBuild: true
    dev: true
    optional: true

  /@rollup/rollup-freebsd-arm64@4.46.3:
    resolution: {integrity: sha512-uluObTmgPJDuJh9xqxyr7MV61Imq+0IvVsAlWyvxAaBSNzCcmZlhfYcRhCdMaCsy46ccZa7vtDDripgs9Jkqsw==}
    cpu: [arm64]
    os: [freebsd]
    requiresBuild: true
    dev: true
    optional: true

  /@rollup/rollup-freebsd-x64@4.46.3:
    resolution: {integrity: sha512-AVJXEq9RVHQnejdbFvh1eWEoobohUYN3nqJIPI4mNTMpsyYN01VvcAClxflyk2HIxvLpRcRggpX1m9hkXkpC/A==}
    cpu: [x64]
    os: [freebsd]
    requiresBuild: true
    dev: true
    optional: true

  /@rollup/rollup-linux-arm-gnueabihf@4.46.3:
    resolution: {integrity: sha512-byyflM+huiwHlKi7VHLAYTKr67X199+V+mt1iRgJenAI594vcmGGddWlu6eHujmcdl6TqSNnvqaXJqZdnEWRGA==}
    cpu: [arm]
    os: [linux]
    libc: [glibc]
    requiresBuild: true
    dev: true
    optional: true

  /@rollup/rollup-linux-arm-musleabihf@4.46.3:
    resolution: {integrity: sha512-aLm3NMIjr4Y9LklrH5cu7yybBqoVCdr4Nvnm8WB7PKCn34fMCGypVNpGK0JQWdPAzR/FnoEoFtlRqZbBBLhVoQ==}
    cpu: [arm]
    os: [linux]
    libc: [musl]
    requiresBuild: true
    dev: true
    optional: true

  /@rollup/rollup-linux-arm64-gnu@4.46.3:
    resolution: {integrity: sha512-VtilE6eznJRDIoFOzaagQodUksTEfLIsvXymS+UdJiSXrPW7Ai+WG4uapAc3F7Hgs791TwdGh4xyOzbuzIZrnw==}
    cpu: [arm64]
    os: [linux]
    libc: [glibc]
    requiresBuild: true
    dev: true
    optional: true

  /@rollup/rollup-linux-arm64-musl@4.46.3:
    resolution: {integrity: sha512-dG3JuS6+cRAL0GQ925Vppafi0qwZnkHdPeuZIxIPXqkCLP02l7ka+OCyBoDEv8S+nKHxfjvjW4OZ7hTdHkx8/w==}
    cpu: [arm64]
    os: [linux]
    libc: [musl]
    requiresBuild: true
    dev: true
    optional: true

  /@rollup/rollup-linux-loongarch64-gnu@4.46.3:
    resolution: {integrity: sha512-iU8DxnxEKJptf8Vcx4XvAUdpkZfaz0KWfRrnIRrOndL0SvzEte+MTM7nDH4A2Now4FvTZ01yFAgj6TX/mZl8hQ==}
    cpu: [loong64]
    os: [linux]
    libc: [glibc]
    requiresBuild: true
    dev: true
    optional: true

  /@rollup/rollup-linux-ppc64-gnu@4.46.3:
    resolution: {integrity: sha512-VrQZp9tkk0yozJoQvQcqlWiqaPnLM6uY1qPYXvukKePb0fqaiQtOdMJSxNFUZFsGw5oA5vvVokjHrx8a9Qsz2A==}
    cpu: [ppc64]
    os: [linux]
    libc: [glibc]
    requiresBuild: true
    dev: true
    optional: true

  /@rollup/rollup-linux-riscv64-gnu@4.46.3:
    resolution: {integrity: sha512-uf2eucWSUb+M7b0poZ/08LsbcRgaDYL8NCGjUeFMwCWFwOuFcZ8D9ayPl25P3pl+D2FH45EbHdfyUesQ2Lt9wA==}
    cpu: [riscv64]
    os: [linux]
    libc: [glibc]
    requiresBuild: true
    dev: true
    optional: true

  /@rollup/rollup-linux-riscv64-musl@4.46.3:
    resolution: {integrity: sha512-7tnUcDvN8DHm/9ra+/nF7lLzYHDeODKKKrh6JmZejbh1FnCNZS8zMkZY5J4sEipy2OW1d1Ncc4gNHUd0DLqkSg==}
    cpu: [riscv64]
    os: [linux]
    libc: [musl]
    requiresBuild: true
    dev: true
    optional: true

  /@rollup/rollup-linux-s390x-gnu@4.46.3:
    resolution: {integrity: sha512-MUpAOallJim8CsJK+4Lc9tQzlfPbHxWDrGXZm2z6biaadNpvh3a5ewcdat478W+tXDoUiHwErX/dOql7ETcLqg==}
    cpu: [s390x]
    os: [linux]
    libc: [glibc]
    requiresBuild: true
    dev: true
    optional: true

  /@rollup/rollup-linux-x64-gnu@4.46.3:
    resolution: {integrity: sha512-F42IgZI4JicE2vM2PWCe0N5mR5vR0gIdORPqhGQ32/u1S1v3kLtbZ0C/mi9FFk7C5T0PgdeyWEPajPjaUpyoKg==}
    cpu: [x64]
    os: [linux]
    libc: [glibc]
    requiresBuild: true
    dev: true
    optional: true

  /@rollup/rollup-linux-x64-musl@4.46.3:
    resolution: {integrity: sha512-oLc+JrwwvbimJUInzx56Q3ujL3Kkhxehg7O1gWAYzm8hImCd5ld1F2Gry5YDjR21MNb5WCKhC9hXgU7rRlyegQ==}
    cpu: [x64]
    os: [linux]
    libc: [musl]
    requiresBuild: true
    dev: true
    optional: true

  /@rollup/rollup-win32-arm64-msvc@4.46.3:
    resolution: {integrity: sha512-lOrQ+BVRstruD1fkWg9yjmumhowR0oLAAzavB7yFSaGltY8klttmZtCLvOXCmGE9mLIn8IBV/IFrQOWz5xbFPg==}
    cpu: [arm64]
    os: [win32]
    requiresBuild: true
    dev: true
    optional: true

  /@rollup/rollup-win32-ia32-msvc@4.46.3:
    resolution: {integrity: sha512-vvrVKPRS4GduGR7VMH8EylCBqsDcw6U+/0nPDuIjXQRbHJc6xOBj+frx8ksfZAh6+Fptw5wHrN7etlMmQnPQVg==}
    cpu: [ia32]
    os: [win32]
    requiresBuild: true
    dev: true
    optional: true

  /@rollup/rollup-win32-x64-msvc@4.46.3:
    resolution: {integrity: sha512-fi3cPxCnu3ZeM3EwKZPgXbWoGzm2XHgB/WShKI81uj8wG0+laobmqy5wbgEwzstlbLu4MyO8C19FyhhWseYKNQ==}
    cpu: [x64]
    os: [win32]
    requiresBuild: true
    dev: true
    optional: true

  /@spz-loader/core@0.3.0:
    resolution: {integrity: sha512-sbStwMHb/MIE29st7rRuMYWqhX1UmLSFzdpyGtUZUXLkFNIuYKblzjQdtiet8bau8sUf21uL1DQ451zuySGmcA==}
    engines: {node: '>=16', pnpm: '>=8'}
    dev: false

  /@tweenjs/tween.js@25.0.0:
    resolution: {integrity: sha512-XKLA6syeBUaPzx4j3qwMqzzq+V4uo72BnlbOjmuljLrRqdsd3qnzvZZoxvMHZ23ndsRS4aufU6JOZYpCbU6T1A==}
    dev: false

  /@types/estree@1.0.8:
    resolution: {integrity: sha512-dWHzHa2WqEXI/O1E9OjrocMTKJl2mSrEolh1Iomrv6U+JuNwaHXsXx9bLu5gG7BUWFIN0skIQJQ/L1rIex4X6w==}
    dev: true

  /@types/node@24.3.0:
    resolution: {integrity: sha512-aPTXCrfwnDLj4VvXrm+UUCQjNEvJgNA8s5F1cvwQU+3KNltTOkBm1j30uNLyqqPNe7gE3KFzImYoZEfLhp4Yow==}
    dependencies:
      undici-types: 7.10.0
    dev: false

  /@types/trusted-types@2.0.7:
    resolution: {integrity: sha512-ScaPdn1dQczgbl0QFTeTOmVHFULt394XJgOQNoyVhZ6r2vLnMLJfBPd53SB52T/3G36VI1/g2MZaX0cwDuXsfw==}
    requiresBuild: true
    dev: false
    optional: true

  /@vitejs/plugin-vue@6.0.1(vite@7.1.3)(vue@3.5.18):
    resolution: {integrity: sha512-+MaE752hU0wfPFJEUAIxqw18+20euHHdxVtMvbFcOEpjEyfqXH/5DCoTHiVJ0J29EhTJdoTkjEv5YBKU9dnoTw==}
    engines: {node: ^20.19.0 || >=22.12.0}
    peerDependencies:
      vite: ^5.0.0 || ^6.0.0 || ^7.0.0
      vue: ^3.2.25
    dependencies:
      '@rolldown/pluginutils': 1.0.0-beta.29
      vite: 7.1.3(sass-embedded@1.90.0)
      vue: 3.5.18
    dev: true

  /@vue/compiler-core@3.5.18:
    resolution: {integrity: sha512-3slwjQrrV1TO8MoXgy3aynDQ7lslj5UqDxuHnrzHtpON5CBinhWjJETciPngpin/T3OuW3tXUf86tEurusnztw==}
    dependencies:
      '@babel/parser': 7.28.3
      '@vue/shared': 3.5.18
      entities: 4.5.0
      estree-walker: 2.0.2
      source-map-js: 1.2.1

  /@vue/compiler-dom@3.5.18:
    resolution: {integrity: sha512-RMbU6NTU70++B1JyVJbNbeFkK+A+Q7y9XKE2EM4NLGm2WFR8x9MbAtWxPPLdm0wUkuZv9trpwfSlL6tjdIa1+A==}
    dependencies:
      '@vue/compiler-core': 3.5.18
      '@vue/shared': 3.5.18

  /@vue/compiler-sfc@3.5.18:
    resolution: {integrity: sha512-5aBjvGqsWs+MoxswZPoTB9nSDb3dhd1x30xrrltKujlCxo48j8HGDNj3QPhF4VIS0VQDUrA1xUfp2hEa+FNyXA==}
    dependencies:
      '@babel/parser': 7.28.3
      '@vue/compiler-core': 3.5.18
      '@vue/compiler-dom': 3.5.18
      '@vue/compiler-ssr': 3.5.18
      '@vue/shared': 3.5.18
      estree-walker: 2.0.2
      magic-string: 0.30.17
      postcss: 8.5.6
      source-map-js: 1.2.1

  /@vue/compiler-ssr@3.5.18:
    resolution: {integrity: sha512-xM16Ak7rSWHkM3m22NlmcdIM+K4BMyFARAfV9hYFl+SFuRzrZ3uGMNW05kA5pmeMa0X9X963Kgou7ufdbpOP9g==}
    dependencies:
      '@vue/compiler-dom': 3.5.18
      '@vue/shared': 3.5.18

  /@vue/reactivity@3.5.18:
    resolution: {integrity: sha512-x0vPO5Imw+3sChLM5Y+B6G1zPjwdOri9e8V21NnTnlEvkxatHEH5B5KEAJcjuzQ7BsjGrKtfzuQ5eQwXh8HXBg==}
    dependencies:
      '@vue/shared': 3.5.18

  /@vue/runtime-core@3.5.18:
    resolution: {integrity: sha512-DUpHa1HpeOQEt6+3nheUfqVXRog2kivkXHUhoqJiKR33SO4x+a5uNOMkV487WPerQkL0vUuRvq/7JhRgLW3S+w==}
    dependencies:
      '@vue/reactivity': 3.5.18
      '@vue/shared': 3.5.18

  /@vue/runtime-dom@3.5.18:
    resolution: {integrity: sha512-YwDj71iV05j4RnzZnZtGaXwPoUWeRsqinblgVJwR8XTXYZ9D5PbahHQgsbmzUvCWNF6x7siQ89HgnX5eWkr3mw==}
    dependencies:
      '@vue/reactivity': 3.5.18
      '@vue/runtime-core': 3.5.18
      '@vue/shared': 3.5.18
      csstype: 3.1.3

  /@vue/server-renderer@3.5.18(vue@3.5.18):
    resolution: {integrity: sha512-PvIHLUoWgSbDG7zLHqSqaCoZvHi6NNmfVFOqO+OnwvqMz/tqQr3FuGWS8ufluNddk7ZLBJYMrjcw1c6XzR12mA==}
    peerDependencies:
      vue: 3.5.18
    dependencies:
      '@vue/compiler-ssr': 3.5.18
      '@vue/shared': 3.5.18
      vue: 3.5.18

  /@vue/shared@3.5.18:
    resolution: {integrity: sha512-cZy8Dq+uuIXbxCZpuLd2GJdeSO/lIzIspC2WtkqIpje5QyFbvLaI5wZtdUjLHjGZrlVX6GilejatWwVYYRc8tA==}

  /@zip.js/zip.js@2.7.72:
    resolution: {integrity: sha512-3/A4JwrgkvGBlCxtItjxs8HrNbuTAAl/zlGkV6tC5Fb5k5nk4x2Dqxwl/YnUys5Ch+QB01eJ8Q5K/J2uXfy9Vw==}
    engines: {bun: '>=0.7.0', deno: '>=1.0.0', node: '>=16.5.0'}
    dev: false

  /autolinker@4.1.5:
    resolution: {integrity: sha512-vEfYZPmvVOIuE567XBVCsx8SBgOYtjB2+S1iAaJ+HgH+DNjAcrHem2hmAeC9yaNGWayicv4yR+9UaJlkF3pvtw==}
    engines: {pnpm: '>=10.10.0'}
    dependencies:
      tslib: 2.8.1
    dev: false

  /bitmap-sdf@1.0.4:
    resolution: {integrity: sha512-1G3U4n5JE6RAiALMxu0p1XmeZkTeCwGKykzsLTCqVzfSDaN6S7fKnkIkfejogz+iwqBWc0UYAIKnKHNN7pSfDg==}
    dev: false

  /braces@3.0.3:
    resolution: {integrity: sha512-yQbXgO/OSZVD2IsiLlro+7Hf6Q18EJrKSEsdoMzKePKXct3gvD8oLcOQdIzGupr5Fj+EDe8gO/lxc1BzfMpxvA==}
    engines: {node: '>=8'}
    requiresBuild: true
    dependencies:
      fill-range: 7.1.1
    optional: true

  /buffer-builder@0.2.0:
    resolution: {integrity: sha512-7VPMEPuYznPSoR21NE1zvd2Xna6c/CloiZCfcMXR1Jny6PjX0N4Nsa38zcBFo/FMK+BlA+FLKbJCQ0i2yxp+Xg==}

  /cesium@1.132.0:
    resolution: {integrity: sha512-FOurvzkUhnbXn/gqruBMkHqVpen7URNd5xemEhD76VzoYpRvOwWJWNaFeuBuB5AEJpFfGs5hVicGKFMzX/sUlw==}
    engines: {node: '>=20.19.0'}
    dependencies:
      '@cesium/engine': 19.0.0
      '@cesium/widgets': 13.0.0
    dev: false

  /chokidar@4.0.3:
    resolution: {integrity: sha512-Qgzu8kfBvo+cA4962jnP1KkS6Dop5NS6g7R5LFYJr4b8Ub94PPQXUksCw9PvXoeXPRRddRNC5C1JQUR2SMGtnA==}
    engines: {node: '>= 14.16.0'}
    requiresBuild: true
    dependencies:
      readdirp: 4.1.2
    optional: true

  /colorjs.io@0.5.2:
    resolution: {integrity: sha512-twmVoizEW7ylZSN32OgKdXRmo1qg+wT5/6C3xu5b9QsWzSFAhHLn2xd8ro0diCsKfCj1RdaTP/nrcW+vAoQPIw==}

  /commander@2.20.3:
    resolution: {integrity: sha512-GpVkmM8vF2vQUkj2LvZmD35JxeJOLCwJ9cUkugyk2nuhbv3+mJvpLYYt+0+USMxE+oj+ey/lJEnhZw75x/OMcQ==}
    dev: false

  /csstype@3.1.3:
    resolution: {integrity: sha512-M1uQkMl8rQK/szD0LNhtqxIPLpimGm8sOBwU7lLnCpSbTyY3yeU1Vc7l4KT5zT4s/yOxHH5O7tIuuLOCnLADRw==}

  /detect-libc@1.0.3:
    resolution: {integrity: sha512-pGjwhsmsp4kL2RTz08wcOlGN83otlqHeD/Z5T8GXZB+/YcpQ/dgo+lbU8ZsGxV0HIvqqxo9l7mqYwyYMD9bKDg==}
    engines: {node: '>=0.10'}
    hasBin: true
    requiresBuild: true
    optional: true

  /dompurify@3.2.6:
    resolution: {integrity: sha512-/2GogDQlohXPZe6D6NOgQvXLPSYBqIWMnZ8zzOhn09REE4eyAzb+Hed3jhoM9OkuaJ8P6ZGTTVWQKAi8ieIzfQ==}
    optionalDependencies:
      '@types/trusted-types': 2.0.7
    dev: false

  /draco3d@1.5.7:
    resolution: {integrity: sha512-m6WCKt/erDXcw+70IJXnG7M3awwQPAsZvJGX5zY7beBqpELw6RDGkYVU0W43AFxye4pDZ5i2Lbyc/NNGqwjUVQ==}
    dev: false

  /earcut@3.0.2:
    resolution: {integrity: sha512-X7hshQbLyMJ/3RPhyObLARM2sNxxmRALLKx1+NVFFnQ9gKzmCrxm9+uLIAdBcvc8FNLpctqlQ2V6AE92Ol9UDQ==}
    dev: false

  /entities@4.5.0:
    resolution: {integrity: sha512-V0hjH4dGPh9Ao5p0MoRY6BVqtwCjhz6vI5LT8AJ55H+4g9/4vbHx1I54fS0XuclLhDHArPQCiMjDxjaL8fPxhw==}
    engines: {node: '>=0.12'}

  /esbuild@0.25.9:
    resolution: {integrity: sha512-CRbODhYyQx3qp7ZEwzxOk4JBqmD/seJrzPa/cGjY1VtIn5E09Oi9/dB4JwctnfZ8Q8iT7rioVv5k/FNT/uf54g==}
    engines: {node: '>=18'}
    hasBin: true
    requiresBuild: true
    optionalDependencies:
      '@esbuild/aix-ppc64': 0.25.9
      '@esbuild/android-arm': 0.25.9
      '@esbuild/android-arm64': 0.25.9
      '@esbuild/android-x64': 0.25.9
      '@esbuild/darwin-arm64': 0.25.9
      '@esbuild/darwin-x64': 0.25.9
      '@esbuild/freebsd-arm64': 0.25.9
      '@esbuild/freebsd-x64': 0.25.9
      '@esbuild/linux-arm': 0.25.9
      '@esbuild/linux-arm64': 0.25.9
      '@esbuild/linux-ia32': 0.25.9
      '@esbuild/linux-loong64': 0.25.9
      '@esbuild/linux-mips64el': 0.25.9
      '@esbuild/linux-ppc64': 0.25.9
      '@esbuild/linux-riscv64': 0.25.9
      '@esbuild/linux-s390x': 0.25.9
      '@esbuild/linux-x64': 0.25.9
      '@esbuild/netbsd-arm64': 0.25.9
      '@esbuild/netbsd-x64': 0.25.9
      '@esbuild/openbsd-arm64': 0.25.9
      '@esbuild/openbsd-x64': 0.25.9
      '@esbuild/openharmony-arm64': 0.25.9
      '@esbuild/sunos-x64': 0.25.9
      '@esbuild/win32-arm64': 0.25.9
      '@esbuild/win32-ia32': 0.25.9
      '@esbuild/win32-x64': 0.25.9
    dev: true

  /estree-walker@2.0.2:
    resolution: {integrity: sha512-Rfkk/Mp/DL7JVje3u18FxFujQlTNR2q6QfMSMB7AvCBx91NGj/ba3kCfza0f6dVDbw7YlRf/nDrn7pQrCCyQ/w==}

  /fdir@6.5.0(picomatch@4.0.3):
    resolution: {integrity: sha512-tIbYtZbucOs0BRGqPJkshJUYdL+SDH7dVM8gjy+ERp3WAUjLEFJE+02kanyHtwjWOnwrKYBiwAmM0p4kLJAnXg==}
    engines: {node: '>=12.0.0'}
    peerDependencies:
      picomatch: ^3 || ^4
    peerDependenciesMeta:
      picomatch:
        optional: true
    dependencies:
      picomatch: 4.0.3
    dev: true

  /fill-range@7.1.1:
    resolution: {integrity: sha512-YsGpe3WHLK8ZYi4tWDg2Jy3ebRz2rXowDxnld4bkQB00cc/1Zw9AWnC0i9ztDJitivtQvaI9KaLyKrc+hBW0yg==}
    engines: {node: '>=8'}
    requiresBuild: true
    dependencies:
      to-regex-range: 5.0.1
    optional: true

  /fsevents@2.3.3:
    resolution: {integrity: sha512-5xoDfX+fL7faATnagmWPpbFtwh/R77WmMMqqHGS65C3vvB0YHrgF+B1YmZ3441tMj5n63k0212XNoJwzlhffQw==}
    engines: {node: ^8.16.0 || ^10.6.0 || >=11.0.0}
    os: [darwin]
    requiresBuild: true
    dev: true
    optional: true

  /grapheme-splitter@1.0.4:
    resolution: {integrity: sha512-bzh50DW9kTPM00T8y4o8vQg89Di9oLJVLW/KaOGIXJWP/iqCN6WKYkbNOF04vFLJhwcpYUh9ydh/+5vpOqV4YQ==}
    dev: false

  /gsap@3.13.0:
    resolution: {integrity: sha512-QL7MJ2WMjm1PHWsoFrAQH/J8wUeqZvMtHO58qdekHpCfhvhSL4gSiz6vJf5EeMP0LOn3ZCprL2ki/gjED8ghVw==}
    dev: false

  /has-flag@4.0.0:
    resolution: {integrity: sha512-EykJT/Q1KjTWctppgIAgfSO0tKVuZUjhgMr17kqTumMl6Afv3EISleU7qZUzoXDFTAHTDC4NOoG/ZxU3EvlMPQ==}
    engines: {node: '>=8'}

  /immutable@5.1.3:
    resolution: {integrity: sha512-+chQdDfvscSF1SJqv2gn4SRO2ZyS3xL3r7IW/wWEEzrzLisnOlKiQu5ytC/BVNcS15C39WT2Hg/bjKjDMcu+zg==}

  /is-extglob@2.1.1:
    resolution: {integrity: sha512-SbKbANkN603Vi4jEZv49LeVJMn4yGwsbzZworEoyEiutsN3nJYdbO36zfhGJ6QEDpOZIFkDtnq5JRxmvl3jsoQ==}
    engines: {node: '>=0.10.0'}
    requiresBuild: true
    optional: true

  /is-glob@4.0.3:
    resolution: {integrity: sha512-xelSayHH36ZgE7ZWhli7pW34hNbNl8Ojv5KVmkJD4hBdD3th8Tfk9vYasLM+mXWOZhFkgZfxhLSnrwRr4elSSg==}
    engines: {node: '>=0.10.0'}
    requiresBuild: true
    dependencies:
      is-extglob: 2.1.1
    optional: true

  /is-number@7.0.0:
    resolution: {integrity: sha512-41Cifkg6e8TylSpdtTpeLVMqvSBEVzTttHvERD741+pnZ8ANv0004MRL43QKPDlK9cGvNp6NZWZUBlbGXYxxng==}
    engines: {node: '>=0.12.0'}
    requiresBuild: true
    optional: true

  /jsep@1.4.0:
    resolution: {integrity: sha512-B7qPcEVE3NVkmSJbaYxvv4cHkVW7DQsZz13pUMrfS8z8Q/BuShN+gcTXrUlPiGqM2/t/EEaI030bpxMqY8gMlw==}
    engines: {node: '>= 10.16.0'}
    dev: false

  /kdbush@4.0.2:
    resolution: {integrity: sha512-WbCVYJ27Sz8zi9Q7Q0xHC+05iwkm3Znipc2XTlrnJbsHMYktW4hPhXUE8Ys1engBrvffoSCqbil1JQAa7clRpA==}
    dev: false

  /ktx-parse@1.1.0:
    resolution: {integrity: sha512-mKp3y+FaYgR7mXWAbyyzpa/r1zDWeaunH+INJO4fou3hb45XuNSwar+7llrRyvpMWafxSIi99RNFJ05MHedaJQ==}
    dev: false

  /lerc@2.0.0:
    resolution: {integrity: sha512-7qo1Mq8ZNmaR4USHHm615nEW2lPeeWJ3bTyoqFbd35DLx0LUH7C6ptt5FDCTAlbIzs3+WKrk5SkJvw8AFDE2hg==}
    dev: false

  /long@5.3.2:
    resolution: {integrity: sha512-mNAgZ1GmyNhD7AuqnTG3/VQ26o760+ZYBPKjPvugO8+nLbYfX6TVpJPseBvopbdY+qpZ/lKUnmEc1LeZYS3QAA==}
    dev: false

  /magic-string@0.30.17:
    resolution: {integrity: sha512-sNPKHvyjVf7gyjwS4xGTaW/mCnF8wnjtifKBEhxfZ7E/S8tQ0rssrwGNn6q8JH/ohItJfSQp9mBtQYuTlH5QnA==}
    dependencies:
      '@jridgewell/sourcemap-codec': 1.5.5

  /mersenne-twister@1.1.0:
    resolution: {integrity: sha512-mUYWsMKNrm4lfygPkL3OfGzOPTR2DBlTkBNHM//F6hGp8cLThY897crAlk3/Jo17LEOOjQUrNAx6DvgO77QJkA==}
    dev: false

  /meshoptimizer@0.24.0:
    resolution: {integrity: sha512-Iq/8cM5cK2B0P0QdKHexr30zEJn5sQxjXKtQJGp6LO7r1VUPwhgxau18pvybVDnEDsKE49GdlJYwqPX9A/P9Sw==}
    dev: false

  /micromatch@4.0.8:
    resolution: {integrity: sha512-PXwfBhYu0hBCPw8Dn0E+WDYb7af3dSLVWKi3HGv84IdF4TyFoC0ysxFd0Goxw7nSv4T/PzEJQxsYsEiFCKo2BA==}
    engines: {node: '>=8.6'}
    requiresBuild: true
    dependencies:
      braces: 3.0.3
      picomatch: 2.3.1
    optional: true

  /nanoid@3.3.11:
    resolution: {integrity: sha512-N8SpfPUnUp1bK+PMYW8qSWdl9U+wwNWI4QKxOYDy9JAro3WMX7p2OeVRF9v+347pnakNevPmiHhNmZ2HbFA76w==}
    engines: {node: ^10 || ^12 || ^13.7 || ^14 || >=15.0.1}
    hasBin: true

  /node-addon-api@7.1.1:
    resolution: {integrity: sha512-5m3bsyrjFWE1xf7nz7YXdN4udnVtXK6/Yfgn5qnahL6bCkf2yKt4k3nuTKAtT4r3IG8JNR2ncsIMdZuAzJjHQQ==}
    requiresBuild: true
    optional: true

  /nosleep.js@0.12.0:
    resolution: {integrity: sha512-9d1HbpKLh3sdWlhXMhU6MMH+wQzKkrgfRkYV0EBdvt99YJfj0ilCJrWRDYG2130Tm4GXbEoTCx5b34JSaP+HhA==}
    dev: false

  /pako@2.1.0:
    resolution: {integrity: sha512-w+eufiZ1WuJYgPXbV/PO3NCMEc3xqylkKHzp8bxp1uW4qaSNQUkwmLLEc3kKsfz8lpV1F8Ht3U1Cm+9Srog2ug==}
    dev: false

  /picocolors@1.1.1:
    resolution: {integrity: sha512-xceH2snhtb5M9liqDsmEw56le376mTZkEX/jEb/RxNFyegNul7eNslCXP9FDj/Lcu0X8KEyMceP2ntpaHrDEVA==}

  /picomatch@2.3.1:
    resolution: {integrity: sha512-JU3teHTNjmE2VCGFzuY8EXzCDVwEqB2a8fsIvwaStHhAWJEeVd1o1QD80CU6+ZdEXXSLbSsuLwJjkCBWqRQUVA==}
    engines: {node: '>=8.6'}
    requiresBuild: true
    optional: true

  /picomatch@4.0.3:
    resolution: {integrity: sha512-5gTmgEY/sqK6gFXLIsQNH19lWb4ebPDLA4SdLP7dsWkIXHWlG66oPuVvXSGFPppYZz8ZDZq0dYYrbHfBCVUb1Q==}
    engines: {node: '>=12'}
    dev: true

  /postcss@8.5.6:
    resolution: {integrity: sha512-3Ybi1tAuwAP9s0r1UQ2J4n5Y0G05bJkpUIO0/bI9MhwmD70S5aTWbXGBwxHrelT+XM1k6dM0pk+SwNkpTRN7Pg==}
    engines: {node: ^10 || ^12 || >=14}
    dependencies:
      nanoid: 3.3.11
      picocolors: 1.1.1
      source-map-js: 1.2.1

  /protobufjs@7.5.4:
    resolution: {integrity: sha512-CvexbZtbov6jW2eXAvLukXjXUW1TzFaivC46BpWc/3BpcCysb5Vffu+B3XHMm8lVEuy2Mm4XGex8hBSg1yapPg==}
    engines: {node: '>=12.0.0'}
    requiresBuild: true
    dependencies:
      '@protobufjs/aspromise': 1.1.2
      '@protobufjs/base64': 1.1.2
      '@protobufjs/codegen': 2.0.4
      '@protobufjs/eventemitter': 1.1.0
      '@protobufjs/fetch': 1.1.0
      '@protobufjs/float': 1.0.2
      '@protobufjs/inquire': 1.1.0
      '@protobufjs/path': 1.1.2
      '@protobufjs/pool': 1.1.0
      '@protobufjs/utf8': 1.1.0
      '@types/node': 24.3.0
      long: 5.3.2
    dev: false

  /quickselect@3.0.0:
    resolution: {integrity: sha512-XdjUArbK4Bm5fLLvlm5KpTFOiOThgfWWI4axAZDWg4E/0mKdZyI9tNEfds27qCi1ze/vwTR16kvmmGhRra3c2g==}
    dev: false

  /rbush@4.0.1:
    resolution: {integrity: sha512-IP0UpfeWQujYC8Jg162rMNc01Rf0gWMMAb2Uxus/Q0qOFw4lCcq6ZnQEZwUoJqWyUGJ9th7JjwI4yIWo+uvoAQ==}
    dependencies:
      quickselect: 3.0.0
    dev: false

  /readdirp@4.1.2:
    resolution: {integrity: sha512-GDhwkLfywWL2s6vEjyhri+eXmfH6j1L7JE27WhqLeYzoh/A3DBaYGEj2H/HFZCn/kMfim73FXxEJTw06WtxQwg==}
    engines: {node: '>= 14.18.0'}
    requiresBuild: true
    optional: true

  /rollup@4.46.3:
    resolution: {integrity: sha512-RZn2XTjXb8t5g13f5YclGoilU/kwT696DIkY3sywjdZidNSi3+vseaQov7D7BZXVJCPv3pDWUN69C78GGbXsKw==}
    engines: {node: '>=18.0.0', npm: '>=8.0.0'}
    hasBin: true
    dependencies:
      '@types/estree': 1.0.8
    optionalDependencies:
      '@rollup/rollup-android-arm-eabi': 4.46.3
      '@rollup/rollup-android-arm64': 4.46.3
      '@rollup/rollup-darwin-arm64': 4.46.3
      '@rollup/rollup-darwin-x64': 4.46.3
      '@rollup/rollup-freebsd-arm64': 4.46.3
      '@rollup/rollup-freebsd-x64': 4.46.3
      '@rollup/rollup-linux-arm-gnueabihf': 4.46.3
      '@rollup/rollup-linux-arm-musleabihf': 4.46.3
      '@rollup/rollup-linux-arm64-gnu': 4.46.3
      '@rollup/rollup-linux-arm64-musl': 4.46.3
      '@rollup/rollup-linux-loongarch64-gnu': 4.46.3
      '@rollup/rollup-linux-ppc64-gnu': 4.46.3
      '@rollup/rollup-linux-riscv64-gnu': 4.46.3
      '@rollup/rollup-linux-riscv64-musl': 4.46.3
      '@rollup/rollup-linux-s390x-gnu': 4.46.3
      '@rollup/rollup-linux-x64-gnu': 4.46.3
      '@rollup/rollup-linux-x64-musl': 4.46.3
      '@rollup/rollup-win32-arm64-msvc': 4.46.3
      '@rollup/rollup-win32-ia32-msvc': 4.46.3
      '@rollup/rollup-win32-x64-msvc': 4.46.3
      fsevents: 2.3.3
    dev: true

  /rxjs@7.8.2:
    resolution: {integrity: sha512-dhKf903U/PQZY6boNNtAGdWbG85WAbjT/1xYoZIC7FAY0yWapOBQVsVrDl58W86//e1VpMNBtRV4MaXfdMySFA==}
    dependencies:
      tslib: 2.8.1

  /sass-embedded-all-unknown@1.90.0:
    resolution: {integrity: sha512-/n7jTQvI+hftDDrHzK19G4pxfDzOhtjuQO1K54ui1pT2S0sWfWDjCYUbQgtWQ6FO7g5qWS0hgmrWdc7fmS3rgA==}
    cpu: ['!arm', '!arm64', '!riscv64', '!x64']
    requiresBuild: true
    dependencies:
      sass: 1.90.0
    optional: true

  /sass-embedded-android-arm64@1.90.0:
    resolution: {integrity: sha512-bkTlewzWksa6Sj4Zs1CWiutnvUbsO3xuYh2QBRknXsOtuMlfTPoXnwhCnyE4lSvUxw2qxSbv+NdQev9qMfsBgA==}
    engines: {node: '>=14.0.0'}
    cpu: [arm64]
    os: [android]
    requiresBuild: true
    optional: true

  /sass-embedded-android-arm@1.90.0:
    resolution: {integrity: sha512-usF6kVJQWa1CMgPH1nCT1y8KEmAT2fzB00dDIPBYHq8U5VZLCihi2bJRP5U9NlcwP1TlKGKCjwsbIdSjDKfecg==}
    engines: {node: '>=14.0.0'}
    cpu: [arm]
    os: [android]
    requiresBuild: true
    optional: true

  /sass-embedded-android-riscv64@1.90.0:
    resolution: {integrity: sha512-bpqCIOaX+0Lou/BNJ4iJIKbWbVaYXFdg26C3gG6gxxKZRzp/6OYCxHrIQDwhKz6YC8Q5rwNPMpfDVYbWPcgroA==}
    engines: {node: '>=14.0.0'}
    cpu: [riscv64]
    os: [android]
    requiresBuild: true
    optional: true

  /sass-embedded-android-x64@1.90.0:
    resolution: {integrity: sha512-GNxVKnCMd/p2icZ+Q4mhvNk19NrLXq1C4guiqjrycHYQLEnxRkjbW1QXYiL+XyDn4e+Bcq0knzG0I9pMuNZxkg==}
    engines: {node: '>=14.0.0'}
    cpu: [x64]
    os: [android]
    requiresBuild: true
    optional: true

  /sass-embedded-darwin-arm64@1.90.0:
    resolution: {integrity: sha512-qr4KBMJfBA+lzXiWnP00qzpLzHQzGd1OSK3VHcUFjZ8l7VOYf2R7Tc3fcTLhpaNPMJtTK0jrk8rFqBvsiZExnA==}
    engines: {node: '>=14.0.0'}
    cpu: [arm64]
    os: [darwin]
    requiresBuild: true
    optional: true

  /sass-embedded-darwin-x64@1.90.0:
    resolution: {integrity: sha512-z2nr1nNqtWDLVRwTbHtL7zriK90U7O/Gb15UaCSMYeAz9Y+wog5s/sDEKm0+GsVdzzkaCaMZRWGN4jTilnUwmQ==}
    engines: {node: '>=14.0.0'}
    cpu: [x64]
    os: [darwin]
    requiresBuild: true
    optional: true

  /sass-embedded-linux-arm64@1.90.0:
    resolution: {integrity: sha512-SPMcGZuP71Fj8btCGtlBnv8h8DAbJn8EQfLzXs9oo6NGFFLVjNGiFpqGfgtUV6DLWCuaRyEFeViO7wZow/vKGQ==}
    engines: {node: '>=14.0.0'}
    cpu: [arm64]
    os: [linux]
    libc: glibc
    requiresBuild: true
    optional: true

  /sass-embedded-linux-arm@1.90.0:
    resolution: {integrity: sha512-FeBxI5Q2HvM3CCadcEcQgvWbDPVs2YEF0PZ87fbAVTCG8dV+iNnQreSz7GRJroknpvbRhm5t2gedvcgmTnPb2Q==}
    engines: {node: '>=14.0.0'}
    cpu: [arm]
    os: [linux]
    libc: glibc
    requiresBuild: true
    optional: true

  /sass-embedded-linux-musl-arm64@1.90.0:
    resolution: {integrity: sha512-xLH7+PFq763MoEm3vI7hQk5E+nStiLWbijHEYW/tEtCbcQIphgzSkDItEezxXew3dU4EJ1jqrBUySPdoXFLqWA==}
    engines: {node: '>=14.0.0'}
    cpu: [arm64]
    os: [linux]
    libc: musl
    requiresBuild: true
    optional: true

  /sass-embedded-linux-musl-arm@1.90.0:
    resolution: {integrity: sha512-EB2z0fUXdUdvSoddf4DzdZQkD/xyreD72gwAi8YScgUvR4HMXI7bLcK/n78Rft6OnqvV8090hjC8FsLDo3x5xQ==}
    engines: {node: '>=14.0.0'}
    cpu: [arm]
    os: [linux]
    libc: musl
    requiresBuild: true
    optional: true

  /sass-embedded-linux-musl-riscv64@1.90.0:
    resolution: {integrity: sha512-L21UkOgnSrD+ERF+jo1IWneGv40t0ap9+3cI+wZWYhQS5MkxponhT9QaNU57JEDJwB9mOl01LVw14opz4SN+VQ==}
    engines: {node: '>=14.0.0'}
    cpu: [riscv64]
    os: [linux]
    libc: musl
    requiresBuild: true
    optional: true

  /sass-embedded-linux-musl-x64@1.90.0:
    resolution: {integrity: sha512-NeAycQlsdhFdnIeSmRmScYUyCd+uE+x15NLFunbF8M0PgCKurrUhaxgGKSuBbaK56FpxarKOHCqcOrWbemIGzQ==}
    engines: {node: '>=14.0.0'}
    cpu: [x64]
    os: [linux]
    libc: musl
    requiresBuild: true
    optional: true

  /sass-embedded-linux-riscv64@1.90.0:
    resolution: {integrity: sha512-lJopaQhW8S+kaQ61vMqq3c+bOurcf9RdZf2EmzQYpc2y1vT5cWfRNrRkbAgO/23IQxsk/fq3UIUnsjnyQmi6MA==}
    engines: {node: '>=14.0.0'}
    cpu: [riscv64]
    os: [linux]
    libc: glibc
    requiresBuild: true
    optional: true

  /sass-embedded-linux-x64@1.90.0:
    resolution: {integrity: sha512-Cc061gBfMPwH9rN7neQaH36cvOQC+dFMSGIeX5qUOhrEL4Ng51iqBV6aI4RIB1jCFGth6eDydVRN1VdV9qom8A==}
    engines: {node: '>=14.0.0'}
    cpu: [x64]
    os: [linux]
    libc: glibc
    requiresBuild: true
    optional: true

  /sass-embedded-unknown-all@1.90.0:
    resolution: {integrity: sha512-DBGzHVCJDqtjTHZFohush9YTxd4ZxhIygIRTNRXnA0359woF9Z8AS7/YxfzwkqrTX5durSJa6ZamGFYVLoRphQ==}
    os: ['!android', '!darwin', '!linux', '!win32']
    requiresBuild: true
    dependencies:
      sass: 1.90.0
    optional: true

  /sass-embedded-win32-arm64@1.90.0:
    resolution: {integrity: sha512-c3/vL/CATnaW3x/6kcNbCROEOUU7zvJpIURp7M9664GJj08/gLPRWKNruw0OkAPQ3C5TTQz7+/fQWEpRA6qmvA==}
    engines: {node: '>=14.0.0'}
    cpu: [arm64]
    os: [win32]
    requiresBuild: true
    optional: true

  /sass-embedded-win32-x64@1.90.0:
    resolution: {integrity: sha512-PFwdW7AYtCkwi3NfWFeexvIZEJ0nuShp8Bjjc3px756+18yYwBWa78F4TGdIQmJfpYKBhgkVjFOctwq+NCHntA==}
    engines: {node: '>=14.0.0'}
    cpu: [x64]
    os: [win32]
    requiresBuild: true
    optional: true

  /sass-embedded@1.90.0:
    resolution: {integrity: sha512-XP1EltyLLfuU5FsGVjSz8PcT925oA3rDnJTWOEBHR42k62ZEbKTcZ4gVlFwKi0Ggzi5E8v1K2BplD8ELHwusYg==}
    engines: {node: '>=16.0.0'}
    hasBin: true
    dependencies:
      '@bufbuild/protobuf': 2.6.3
      buffer-builder: 0.2.0
      colorjs.io: 0.5.2
      immutable: 5.1.3
      rxjs: 7.8.2
      supports-color: 8.1.1
      sync-child-process: 1.0.2
      varint: 6.0.0
    optionalDependencies:
      sass-embedded-all-unknown: 1.90.0
      sass-embedded-android-arm: 1.90.0
      sass-embedded-android-arm64: 1.90.0
      sass-embedded-android-riscv64: 1.90.0
      sass-embedded-android-x64: 1.90.0
      sass-embedded-darwin-arm64: 1.90.0
      sass-embedded-darwin-x64: 1.90.0
      sass-embedded-linux-arm: 1.90.0
      sass-embedded-linux-arm64: 1.90.0
      sass-embedded-linux-musl-arm: 1.90.0
      sass-embedded-linux-musl-arm64: 1.90.0
      sass-embedded-linux-musl-riscv64: 1.90.0
      sass-embedded-linux-musl-x64: 1.90.0
      sass-embedded-linux-riscv64: 1.90.0
      sass-embedded-linux-x64: 1.90.0
      sass-embedded-unknown-all: 1.90.0
      sass-embedded-win32-arm64: 1.90.0
      sass-embedded-win32-x64: 1.90.0

  /sass@1.90.0:
    resolution: {integrity: sha512-9GUyuksjw70uNpb1MTYWsH9MQHOHY6kwfnkafC24+7aOMZn9+rVMBxRbLvw756mrBFbIsFg6Xw9IkR2Fnn3k+Q==}
    engines: {node: '>=14.0.0'}
    hasBin: true
    requiresBuild: true
    dependencies:
      chokidar: 4.0.3
      immutable: 5.1.3
      source-map-js: 1.2.1
    optionalDependencies:
      '@parcel/watcher': 2.5.1
    optional: true

  /source-map-js@1.2.1:
    resolution: {integrity: sha512-UXWMKhLOwVKb728IUtQPXxfYU+usdybtUrK/8uGE8CQMvrhOpwvzDBwj0QhSL7MQc7vIsISBG8VQ8+IDQxpfQA==}
    engines: {node: '>=0.10.0'}

  /supports-color@8.1.1:
    resolution: {integrity: sha512-MpUEN2OodtUzxvKQl72cUF7RQ5EiHsGvSsVG0ia9c5RbWGL2CI4C7EpPS8UTBIplnlzZiNuV56w+FuNxy3ty2Q==}
    engines: {node: '>=10'}
    dependencies:
      has-flag: 4.0.0

  /sync-child-process@1.0.2:
    resolution: {integrity: sha512-8lD+t2KrrScJ/7KXCSyfhT3/hRq78rC0wBFqNJXv3mZyn6hW2ypM05JmlSvtqRbeq6jqA94oHbxAr2vYsJ8vDA==}
    engines: {node: '>=16.0.0'}
    dependencies:
      sync-message-port: 1.1.3

  /sync-message-port@1.1.3:
    resolution: {integrity: sha512-GTt8rSKje5FilG+wEdfCkOcLL7LWqpMlr2c3LRuKt/YXxcJ52aGSbGBAdI4L3aaqfrBt6y711El53ItyH1NWzg==}
    engines: {node: '>=16.0.0'}

  /tinyglobby@0.2.14:
    resolution: {integrity: sha512-tX5e7OM1HnYr2+a2C/4V0htOcSQcoSTH9KgJnVvNm5zm/cyEWKJ7j7YutsH9CxMdtOkkLFy2AHrMci9IM8IPZQ==}
    engines: {node: '>=12.0.0'}
    dependencies:
      fdir: 6.5.0(picomatch@4.0.3)
      picomatch: 4.0.3
    dev: true

  /to-regex-range@5.0.1:
    resolution: {integrity: sha512-65P7iz6X5yEr1cwcgvQxbbIw7Uk3gOy5dIdtZ4rDveLqhrdJP+Li/Hx6tyK0NEb+2GCyneCMJiGqrADCSNk8sQ==}
    engines: {node: '>=8.0'}
    requiresBuild: true
    dependencies:
      is-number: 7.0.0
    optional: true

  /topojson-client@3.1.0:
    resolution: {integrity: sha512-605uxS6bcYxGXw9qi62XyrV6Q3xwbndjachmNxu8HWTtVPxZfEJN9fd/SZS1Q54Sn2y0TMyMxFj/cJINqGHrKw==}
    hasBin: true
    dependencies:
      commander: 2.20.3
    dev: false

  /tslib@2.8.1:
    resolution: {integrity: sha512-oJFu94HQb+KVduSUQL7wnpmqnfmLsOA/nAh6b6EH0wCEoK0/mPeXU6c3wKDV83MkOuHPRHtSXKKU99IBazS/2w==}

  /undici-types@7.10.0:
    resolution: {integrity: sha512-t5Fy/nfn+14LuOc2KNYg75vZqClpAiqscVvMygNnlsHBFpSXdJaYtXMcdNLpl/Qvc3P2cB3s6lOV51nqsFq4ag==}
    dev: false

  /urijs@1.19.11:
    resolution: {integrity: sha512-HXgFDgDommxn5/bIv0cnQZsPhHDA90NPHD6+c/v21U5+Sx5hoP8+dP9IZXBU1gIfvdRfhG8cel9QNPeionfcCQ==}
    dev: false

  /varint@6.0.0:
    resolution: {integrity: sha512-cXEIW6cfr15lFv563k4GuVuW/fiwjknytD37jIOLSdSWuOI6WnO/oKwmP2FQTU2l01LP8/M5TSAJpzUaGe3uWg==}

  /vite@7.1.3(sass-embedded@1.90.0):
    resolution: {integrity: sha512-OOUi5zjkDxYrKhTV3V7iKsoS37VUM7v40+HuwEmcrsf11Cdx9y3DIr2Px6liIcZFwt3XSRpQvFpL3WVy7ApkGw==}
    engines: {node: ^20.19.0 || >=22.12.0}
    hasBin: true
    peerDependencies:
      '@types/node': ^20.19.0 || >=22.12.0
      jiti: '>=1.21.0'
      less: ^4.0.0
      lightningcss: ^1.21.0
      sass: ^1.70.0
      sass-embedded: ^1.70.0
      stylus: '>=0.54.8'
      sugarss: ^5.0.0
      terser: ^5.16.0
      tsx: ^4.8.1
      yaml: ^2.4.2
    peerDependenciesMeta:
      '@types/node':
        optional: true
      jiti:
        optional: true
      less:
        optional: true
      lightningcss:
        optional: true
      sass:
        optional: true
      sass-embedded:
        optional: true
      stylus:
        optional: true
      sugarss:
        optional: true
      terser:
        optional: true
      tsx:
        optional: true
      yaml:
        optional: true
    dependencies:
      esbuild: 0.25.9
      fdir: 6.5.0(picomatch@4.0.3)
      picomatch: 4.0.3
      postcss: 8.5.6
      rollup: 4.46.3
      sass-embedded: 1.90.0
      tinyglobby: 0.2.14
    optionalDependencies:
      fsevents: 2.3.3
    dev: true

  /vue@3.5.18:
    resolution: {integrity: sha512-7W4Y4ZbMiQ3SEo+m9lnoNpV9xG7QVMLa+/0RFwwiAVkeYoyGXqWE85jabU4pllJNUzqfLShJ5YLptewhCWUgNA==}
    peerDependencies:
      typescript: '*'
    peerDependenciesMeta:
      typescript:
        optional: true
    dependencies:
      '@vue/compiler-dom': 3.5.18
      '@vue/compiler-sfc': 3.5.18
      '@vue/runtime-dom': 3.5.18
      '@vue/server-renderer': 3.5.18(vue@3.5.18)
      '@vue/shared': 3.5.18
